
Microsoft Visual Studio Solution File, Format Version 12.00
# Visual Studio Version 17
VisualStudioVersion = 17.3.32811.315
MinimumVisualStudioVersion = 10.0.40219.1
Project("{9A19103F-16F7-4668-BE54-9A1E7A4F7556}") = "DevelopmentUtilities", "DevelopmentUtilities\DevelopmentUtilities.csproj", "{1464365E-1421-44B5-8DE1-87A909C9D16F}"
EndProject
Global
	GlobalSection(SolutionConfigurationPlatforms) = preSolution
		Debug|Any CPU = Debug|Any CPU
		Release|Any CPU = Release|Any CPU
	EndGlobalSection
	GlobalSection(ProjectConfigurationPlatforms) = postSolution
		{1464365E-1421-44B5-8DE1-87A909C9D16F}.Debug|Any CPU.ActiveCfg = Debug|Any CPU
		{1464365E-1421-44B5-8DE1-87A909C9D16F}.Debug|Any CPU.Build.0 = Debug|Any CPU
		{1464365E-1421-44B5-8DE1-87A909C9D16F}.Release|Any CPU.ActiveCfg = Release|Any CPU
		{1464365E-1421-44B5-8DE1-87A909C9D16F}.Release|Any CPU.Build.0 = Release|Any CPU
	EndGlobalSection
	GlobalSection(SolutionProperties) = preSolution
		HideSolutionNode = FALSE
	EndGlobalSection
	GlobalSection(ExtensibilityGlobals) = postSolution
		SolutionGuid = {64B3D1BA-1BBD-4ED0-AFA0-7C2AF4D02581}
	EndGlobalSection
EndGlobal
